
Microsoft Visual Studio Solution File, Format Version 12.00
# Visual Studio Version 16
VisualStudioVersion = 16.0.30204.135
MinimumVisualStudioVersion = 10.0.40219.1
Project("{FAE04EC0-301F-11D3-BF4B-00C04F79EFBC}") = "Callista Cafe", "Callista Cafe.csproj", "{068C9632-9D40-4E9C-AFCD-D63707D4DAB1}"
EndProject
Global
	GlobalSection(SolutionConfigurationPlatforms) = preSolution
		Debug|Any CPU = Debug|Any CPU
		Release|Any CPU = Release|Any CPU
	EndGlobalSection
	GlobalSection(ProjectConfigurationPlatforms) = postSolution
		{068C9632-9D40-4E9C-AFCD-D63707D4DAB1}.Debug|Any CPU.ActiveCfg = Debug|Any CPU
		{068C9632-9D40-4E9C-AFCD-D63707D4DAB1}.Debug|Any CPU.Build.0 = Debug|Any CPU
		{068C9632-9D40-4E9C-AFCD-D63707D4DAB1}.Release|Any CPU.ActiveCfg = Release|Any CPU
		{068C9632-9D40-4E9C-AFCD-D63707D4DAB1}.Release|Any CPU.Build.0 = Release|Any CPU
	EndGlobalSection
	GlobalSection(SolutionProperties) = preSolution
		HideSolutionNode = FALSE
	EndGlobalSection
	GlobalSection(ExtensibilityGlobals) = postSolution
		SolutionGuid = {F5E39E6D-03E3-4F59-98D1-435D43C11E6D}
	EndGlobalSection
EndGlobal
